
Microsoft Visual Studio Solution File, Format Version 12.00
# Visual Studio Version 17
VisualStudioVersion = 17.4.33213.308
MinimumVisualStudioVersion = 10.0.40219.1
Project("{9A19103F-16F7-4668-BE54-9A1E7A4F7556}") = "Intranet", "Intranet\Intranet.csproj", "{B711FB5B-4873-4305-A1E1-26B5C5D5130A}"
EndProject
Project("{9A19103F-16F7-4668-BE54-9A1E7A4F7556}") = "Intranet.Entities", "Intranet.Entities\Intranet.Entities.csproj", "{53C5B922-CF2B-4817-8DAD-2AFF4134D3D5}"
EndProject
Project("{9A19103F-16F7-4668-BE54-9A1E7A4F7556}") = "Intranet.DataObject", "Intranet.DataObject\Intranet.DataObject.csproj", "{D4430910-641A-49EE-A5D9-BA3D3C44FCAB}"
EndProject
Project("{9A19103F-16F7-4668-BE54-9A1E7A4F7556}") = "Intranet.Contract", "Intranet.Contract\Intranet.Contract.csproj", "{88EAFB09-EC20-44F4-9282-33C7F9319606}"
EndProject
Project("{9A19103F-16F7-4668-BE54-9A1E7A4F7556}") = "Intranet.Repo", "Intranet.Repo\Intranet.Repo.csproj", "{00CA0E93-D0E9-49A7-A30C-A20CD5FC2546}"
EndProject
Project("{FAE04EC0-301F-11D3-BF4B-00C04F79EFBC}") = "Intranet.Tests", "Intranet.Tests\Intranet.Tests.csproj", "{AADB4B8E-3049-4F00-B91C-E9BAF9AB3256}"
EndProject
Global
	GlobalSection(SolutionConfigurationPlatforms) = preSolution
		Debug|Any CPU = Debug|Any CPU
		Release|Any CPU = Release|Any CPU
	EndGlobalSection
	GlobalSection(ProjectConfigurationPlatforms) = postSolution
		{B711FB5B-4873-4305-A1E1-26B5C5D5130A}.Debug|Any CPU.ActiveCfg = Debug|Any CPU
		{B711FB5B-4873-4305-A1E1-26B5C5D5130A}.Debug|Any CPU.Build.0 = Debug|Any CPU
		{B711FB5B-4873-4305-A1E1-26B5C5D5130A}.Release|Any CPU.ActiveCfg = Release|Any CPU
		{B711FB5B-4873-4305-A1E1-26B5C5D5130A}.Release|Any CPU.Build.0 = Release|Any CPU
		{53C5B922-CF2B-4817-8DAD-2AFF4134D3D5}.Debug|Any CPU.ActiveCfg = Debug|Any CPU
		{53C5B922-CF2B-4817-8DAD-2AFF4134D3D5}.Debug|Any CPU.Build.0 = Debug|Any CPU
		{53C5B922-CF2B-4817-8DAD-2AFF4134D3D5}.Release|Any CPU.ActiveCfg = Release|Any CPU
		{53C5B922-CF2B-4817-8DAD-2AFF4134D3D5}.Release|Any CPU.Build.0 = Release|Any CPU
		{D4430910-641A-49EE-A5D9-BA3D3C44FCAB}.Debug|Any CPU.ActiveCfg = Debug|Any CPU
		{D4430910-641A-49EE-A5D9-BA3D3C44FCAB}.Debug|Any CPU.Build.0 = Debug|Any CPU
		{D4430910-641A-49EE-A5D9-BA3D3C44FCAB}.Release|Any CPU.ActiveCfg = Release|Any CPU
		{D4430910-641A-49EE-A5D9-BA3D3C44FCAB}.Release|Any CPU.Build.0 = Release|Any CPU
		{88EAFB09-EC20-44F4-9282-33C7F9319606}.Debug|Any CPU.ActiveCfg = Debug|Any CPU
		{88EAFB09-EC20-44F4-9282-33C7F9319606}.Debug|Any CPU.Build.0 = Debug|Any CPU
		{88EAFB09-EC20-44F4-9282-33C7F9319606}.Release|Any CPU.ActiveCfg = Release|Any CPU
		{88EAFB09-EC20-44F4-9282-33C7F9319606}.Release|Any CPU.Build.0 = Release|Any CPU
		{00CA0E93-D0E9-49A7-A30C-A20CD5FC2546}.Debug|Any CPU.ActiveCfg = Debug|Any CPU
		{00CA0E93-D0E9-49A7-A30C-A20CD5FC2546}.Debug|Any CPU.Build.0 = Debug|Any CPU
		{00CA0E93-D0E9-49A7-A30C-A20CD5FC2546}.Release|Any CPU.ActiveCfg = Release|Any CPU
		{00CA0E93-D0E9-49A7-A30C-A20CD5FC2546}.Release|Any CPU.Build.0 = Release|Any CPU
		{AADB4B8E-3049-4F00-B91C-E9BAF9AB3256}.Debug|Any CPU.ActiveCfg = Debug|Any CPU
		{AADB4B8E-3049-4F00-B91C-E9BAF9AB3256}.Debug|Any CPU.Build.0 = Debug|Any CPU
		{AADB4B8E-3049-4F00-B91C-E9BAF9AB3256}.Release|Any CPU.ActiveCfg = Release|Any CPU
		{AADB4B8E-3049-4F00-B91C-E9BAF9AB3256}.Release|Any CPU.Build.0 = Release|Any CPU
	EndGlobalSection
	GlobalSection(SolutionProperties) = preSolution
		HideSolutionNode = FALSE
	EndGlobalSection
	GlobalSection(ExtensibilityGlobals) = postSolution
		SolutionGuid = {F5CB40D4-6F86-4AFA-BBE1-66B5DB8D67D2}
	EndGlobalSection
EndGlobal
